
Microsoft Visual Studio Solution File, Format Version 12.00
# Visual Studio Version 17
VisualStudioVersion = 17.9.34622.214
MinimumVisualStudioVersion = 10.0.40219.1
Project("{8BC9CEB8-8B4A-11D0-8D11-00A0C91BC942}") = "polynomial_5701580", "polynomial_5701580.vcxproj", "{B6355E4E-D27E-4D56-BB53-6747DBD7B26A}"
EndProject
Global
	GlobalSection(SolutionConfigurationPlatforms) = preSolution
		Debug|x64 = Debug|x64
		Debug|x86 = Debug|x86
		Release|x64 = Release|x64
		Release|x86 = Release|x86
	EndGlobalSection
	GlobalSection(ProjectConfigurationPlatforms) = postSolution
		{B6355E4E-D27E-4D56-BB53-6747DBD7B26A}.Debug|x64.ActiveCfg = Debug|x64
		{B6355E4E-D27E-4D56-BB53-6747DBD7B26A}.Debug|x64.Build.0 = Debug|x64
		{B6355E4E-D27E-4D56-BB53-6747DBD7B26A}.Debug|x86.ActiveCfg = Debug|Win32
		{B6355E4E-D27E-4D56-BB53-6747DBD7B26A}.Debug|x86.Build.0 = Debug|Win32
		{B6355E4E-D27E-4D56-BB53-6747DBD7B26A}.Release|x64.ActiveCfg = Release|x64
		{B6355E4E-D27E-4D56-BB53-6747DBD7B26A}.Release|x64.Build.0 = Release|x64
		{B6355E4E-D27E-4D56-BB53-6747DBD7B26A}.Release|x86.ActiveCfg = Release|Win32
		{B6355E4E-D27E-4D56-BB53-6747DBD7B26A}.Release|x86.Build.0 = Release|Win32
	EndGlobalSection
	GlobalSection(SolutionProperties) = preSolution
		HideSolutionNode = FALSE
	EndGlobalSection
	GlobalSection(ExtensibilityGlobals) = postSolution
		SolutionGuid = {C1A49A04-942F-46EC-8549-5BB3232AAA93}
	EndGlobalSection
EndGlobal
